
Microsoft Visual Studio Solution File, Format Version 12.00
# Visual Studio 15
VisualStudioVersion = 15.0.28307.1300
MinimumVisualStudioVersion = 10.0.40219.1
Project("{9A19103F-16F7-4668-BE54-9A1E7A4F7556}") = "mvc", "mvc.csproj", "{B9C4BCD1-5A6F-4AC0-960C-20E556FE7577}"
EndProject
Global
	GlobalSection(SolutionConfigurationPlatforms) = preSolution
		Debug|Any CPU = Debug|Any CPU
		Release|Any CPU = Release|Any CPU
	EndGlobalSection
	GlobalSection(ProjectConfigurationPlatforms) = postSolution
		{B9C4BCD1-5A6F-4AC0-960C-20E556FE7577}.Debug|Any CPU.ActiveCfg = Debug|Any CPU
		{B9C4BCD1-5A6F-4AC0-960C-20E556FE7577}.Debug|Any CPU.Build.0 = Debug|Any CPU
		{B9C4BCD1-5A6F-4AC0-960C-20E556FE7577}.Release|Any CPU.ActiveCfg = Release|Any CPU
		{B9C4BCD1-5A6F-4AC0-960C-20E556FE7577}.Release|Any CPU.Build.0 = Release|Any CPU
	EndGlobalSection
	GlobalSection(SolutionProperties) = preSolution
		HideSolutionNode = FALSE
	EndGlobalSection
	GlobalSection(ExtensibilityGlobals) = postSolution
		SolutionGuid = {D0FC37FA-CE2C-411A-A75C-01F351C26310}
	EndGlobalSection
EndGlobal
