
Microsoft Visual Studio Solution File, Format Version 12.00
# Visual Studio 15
VisualStudioVersion = 15.0.28307.1300
MinimumVisualStudioVersion = 10.0.40219.1
Project("{FAE04EC0-301F-11D3-BF4B-00C04F79EFBC}") = "PrimeirosPassosComAspNetCore", "PrimeirosPassosComAspNetCore\PrimeirosPassosComAspNetCore.csproj", "{FB63D656-9B59-426C-9204-DC4247FD5FFD}"
EndProject
Global
	GlobalSection(SolutionConfigurationPlatforms) = preSolution
		Debug|Any CPU = Debug|Any CPU
		Release|Any CPU = Release|Any CPU
	EndGlobalSection
	GlobalSection(ProjectConfigurationPlatforms) = postSolution
		{FB63D656-9B59-426C-9204-DC4247FD5FFD}.Debug|Any CPU.ActiveCfg = Debug|Any CPU
		{FB63D656-9B59-426C-9204-DC4247FD5FFD}.Debug|Any CPU.Build.0 = Debug|Any CPU
		{FB63D656-9B59-426C-9204-DC4247FD5FFD}.Release|Any CPU.ActiveCfg = Release|Any CPU
		{FB63D656-9B59-426C-9204-DC4247FD5FFD}.Release|Any CPU.Build.0 = Release|Any CPU
	EndGlobalSection
	GlobalSection(SolutionProperties) = preSolution
		HideSolutionNode = FALSE
	EndGlobalSection
	GlobalSection(ExtensibilityGlobals) = postSolution
		SolutionGuid = {1227DD1A-F5ED-4D62-8E61-468FD92C1373}
	EndGlobalSection
EndGlobal
